
Microsoft Visual Studio Solution File, Format Version 12.00
# Visual Studio Version 17
VisualStudioVersion = 17.7.34031.279
MinimumVisualStudioVersion = 10.0.40219.1
Project("{FAE04EC0-301F-11D3-BF4B-00C04F79EFBC}") = "SRMS", "SRMS\SRMS.csproj", "{5B3D1FA3-C452-43A3-8F6F-41AC8A2F4138}"
EndProject
Global
	GlobalSection(SolutionConfigurationPlatforms) = preSolution
		Debug|Any CPU = Debug|Any CPU
		Release|Any CPU = Release|Any CPU
	EndGlobalSection
	GlobalSection(ProjectConfigurationPlatforms) = postSolution
		{5B3D1FA3-C452-43A3-8F6F-41AC8A2F4138}.Debug|Any CPU.ActiveCfg = Debug|Any CPU
		{5B3D1FA3-C452-43A3-8F6F-41AC8A2F4138}.Debug|Any CPU.Build.0 = Debug|Any CPU
		{5B3D1FA3-C452-43A3-8F6F-41AC8A2F4138}.Release|Any CPU.ActiveCfg = Release|Any CPU
		{5B3D1FA3-C452-43A3-8F6F-41AC8A2F4138}.Release|Any CPU.Build.0 = Release|Any CPU
	EndGlobalSection
	GlobalSection(SolutionProperties) = preSolution
		HideSolutionNode = FALSE
	EndGlobalSection
	GlobalSection(ExtensibilityGlobals) = postSolution
		SolutionGuid = {E6421246-B4A0-4347-9C4A-6641C39E7CF7}
	EndGlobalSection
EndGlobal
